
Microsoft Visual Studio Solution File, Format Version 12.00
# Visual Studio 2012
Project("{E24C65DC-7377-472B-9ABA-BC803B73C61A}") = "Mobileapp", "Mobileapp\", "{9CD3C619-F63A-40D6-A9D8-1BC43A764928}"
	ProjectSection(WebsiteProperties) = preProject
		TargetFrameworkMoniker = ".NETFramework,Version%3Dv4.0"
		Debug.AspNetCompiler.VirtualPath = "/Mobileapp"
		Debug.AspNetCompiler.PhysicalPath = "Mobileapp\"
		Debug.AspNetCompiler.TargetPath = "PrecompiledWeb\Mobileapp\"
		Debug.AspNetCompiler.Updateable = "true"
		Debug.AspNetCompiler.ForceOverwrite = "true"
		Debug.AspNetCompiler.FixedNames = "false"
		Debug.AspNetCompiler.Debug = "True"
		Release.AspNetCompiler.VirtualPath = "/Mobileapp"
		Release.AspNetCompiler.PhysicalPath = "Mobileapp\"
		Release.AspNetCompiler.TargetPath = "PrecompiledWeb\Mobileapp\"
		Release.AspNetCompiler.Updateable = "true"
		Release.AspNetCompiler.ForceOverwrite = "true"
		Release.AspNetCompiler.FixedNames = "false"
		Release.AspNetCompiler.Debug = "False"
		VWDPort = "54705"
	EndProjectSection
EndProject
Global
	GlobalSection(SolutionConfigurationPlatforms) = preSolution
		Debug|Any CPU = Debug|Any CPU
	EndGlobalSection
	GlobalSection(ProjectConfigurationPlatforms) = postSolution
		{9CD3C619-F63A-40D6-A9D8-1BC43A764928}.Debug|Any CPU.ActiveCfg = Debug|Any CPU
		{9CD3C619-F63A-40D6-A9D8-1BC43A764928}.Debug|Any CPU.Build.0 = Debug|Any CPU
	EndGlobalSection
	GlobalSection(SolutionProperties) = preSolution
		HideSolutionNode = FALSE
	EndGlobalSection
EndGlobal
